{
  "name": "azure-cosmosdb-documentdb-nodejs-getting-started",
  "version": "0.0.0",
  "lockfileVersion": 1,
  "requires": true,
  "dependencies": {
    "async": {
      "version": "2.6.3",
      "resolved": "https://registry.npmjs.org/async/-/async-2.6.3.tgz",
      "integrity": "sha512-zflvls11DCy+dQWzTW2dzuilv8Z5X/pjfmZOWba6TNIVDm+2UDaJmXSOXlasHKfNBs8oo3M0aT50fDEWfKZjXg==",
      "requires": {
        "lodash": "^4.17.14"
      }
    },
    "async-limiter": {
      "version": "1.0.1",
      "resolved": "https://registry.npmjs.org/async-limiter/-/async-limiter-1.0.1.tgz",
      "integrity": "sha512-csOlWGAcRFJaI6m+F2WKdnMKr4HhdhFVBk0H/QbJFMCr+uO2kwohwXQPxw/9OCxp05r5ghVBFSyioixx3gfkNQ=="
    },
    "core-util-is": {
      "version": "1.0.2",
      "resolved": "https://registry.npmjs.org/core-util-is/-/core-util-is-1.0.2.tgz",
      "integrity": "sha1-tf1UIgqivFq1eqtxQMlAdUUDwac="
    },
    "gremlin": {
      "version": "3.4.3",
      "resolved": "https://registry.npmjs.org/gremlin/-/gremlin-3.4.3.tgz",
      "integrity": "sha512-UaK7z8a1+8ar+L5d5+DxGenfsaw42XOSPjVJLT5/CRo/QfmjeXTl4P8b94mUD3ZgFQLT35qjm8xmmFftJIuVWA==",
      "requires": {
        "ws": "^3.0.0"
      }
    },
    "gremlin-orm": {
      "version": "1.1.9",
      "resolved": "https://registry.npmjs.org/gremlin-orm/-/gremlin-orm-1.1.9.tgz",
      "integrity": "sha512-Uz2mBPs68fuyi0xGbuYFyQiNV6Jza1dUOIUKVqJ3BFCaaGk0NejGoVAeYfGMjMXmJwo5cgr73u292ARalaGj/g==",
      "requires": {
        "gremlin": "^2.6.0"
      },
      "dependencies": {
        "gremlin": {
          "version": "2.7.0",
          "resolved": "https://registry.npmjs.org/gremlin/-/gremlin-2.7.0.tgz",
          "integrity": "sha512-6IsEi+m+3dSgCP5Pdb3aTJ+dfEgxTvTk4+ccp3PCnclHbSmffIYWt37yQVa5Wmu4Fe9PzOhdpKIUr2FNchncJA==",
          "requires": {
            "gremlin-template-string": "^2.0.0",
            "highland": "^2.5.1",
            "lodash": "^3.10.1",
            "node-uuid": "^1.4.3",
            "readable-stream": "^2.0.2",
            "ws": "^2.3.1",
            "zer": "^0.1.0"
          }
        },
        "lodash": {
          "version": "3.10.1",
          "resolved": "https://registry.npmjs.org/lodash/-/lodash-3.10.1.tgz",
          "integrity": "sha1-W/Rejkm6QYnhfUgnid/RW9FAt7Y="
        },
        "safe-buffer": {
          "version": "5.0.1",
          "resolved": "https://registry.npmjs.org/safe-buffer/-/safe-buffer-5.0.1.tgz",
          "integrity": "sha1-0mPKVGls2KMGtcplUekt5XkY++c="
        },
        "ws": {
          "version": "2.3.1",
          "resolved": "https://registry.npmjs.org/ws/-/ws-2.3.1.tgz",
          "integrity": "sha1-a5Sz5EfLajY/eF6vlK9jWejoHIA=",
          "requires": {
            "safe-buffer": "~5.0.1",
            "ultron": "~1.1.0"
          }
        }
      }
    },
    "gremlin-template-string": {
      "version": "2.0.0",
      "resolved": "https://registry.npmjs.org/gremlin-template-string/-/gremlin-template-string-2.0.0.tgz",
      "integrity": "sha1-s5Y5zS7OUE8pcxrAl9JC8ACOgYg="
    },
    "highland": {
      "version": "2.13.5",
      "resolved": "https://registry.npmjs.org/highland/-/highland-2.13.5.tgz",
      "integrity": "sha512-dn2flPapIIAa4BtkB2ahjshg8iSJtrJtdhEb9/oiOrS5HMQTR/GuhFpqJ+11YBdtnl3AwWKvbZd1Uxr8uAmA7A==",
      "requires": {
        "util-deprecate": "^1.0.2"
      }
    },
    "inherits": {
      "version": "2.0.4",
      "resolved": "https://registry.npmjs.org/inherits/-/inherits-2.0.4.tgz",
      "integrity": "sha512-k/vGaX4/Yla3WzyMCvTQOXYeIHvqOKtnqBduzTHpzpQZzAskKMhZ2K+EnBiSM9zGSoIFeMpXKxa4dYeZIQqewQ=="
    },
    "isarray": {
      "version": "1.0.0",
      "resolved": "https://registry.npmjs.org/isarray/-/isarray-1.0.0.tgz",
      "integrity": "sha1-u5NdSFgsuhaMBoNJV6VKPgcSTxE="
    },
    "lodash": {
      "version": "4.17.15",
      "resolved": "https://registry.npmjs.org/lodash/-/lodash-4.17.15.tgz",
      "integrity": "sha512-8xOcRHvCjnocdS5cpwXQXVzmmh5e5+saE2QGoeQmbKmRS6J3VQppPOIt0MnmE+4xlZoumy0GPG0D0MVIQbNA1A=="
    },
    "node-uuid": {
      "version": "1.4.8",
      "resolved": "https://registry.npmjs.org/node-uuid/-/node-uuid-1.4.8.tgz",
      "integrity": "sha1-sEDrCSOWivq/jTL7HxfxFn/auQc="
    },
    "postinstall-build": {
      "version": "5.0.3",
      "resolved": "https://registry.npmjs.org/postinstall-build/-/postinstall-build-5.0.3.tgz",
      "integrity": "sha512-vPvPe8TKgp4FLgY3+DfxCE5PIfoXBK2lyLfNCxsRbDsV6vS4oU5RG/IWxrblMn6heagbnMED3MemUQllQ2bQUg=="
    },
    "process-nextick-args": {
      "version": "2.0.1",
      "resolved": "https://registry.npmjs.org/process-nextick-args/-/process-nextick-args-2.0.1.tgz",
      "integrity": "sha512-3ouUOpQhtgrbOa17J7+uxOTpITYWaGP7/AhoR3+A+/1e9skrzelGi/dXzEYyvbxubEF6Wn2ypscTKiKJFFn1ag=="
    },
    "readable-stream": {
      "version": "2.3.6",
      "resolved": "https://registry.npmjs.org/readable-stream/-/readable-stream-2.3.6.tgz",
      "integrity": "sha512-tQtKA9WIAhBF3+VLAseyMqZeBjW0AHJoxOtYqSUZNJxauErmLbVm2FW1y+J/YA9dUrAC39ITejlZWhVIwawkKw==",
      "requires": {
        "core-util-is": "~1.0.0",
        "inherits": "~2.0.3",
        "isarray": "~1.0.0",
        "process-nextick-args": "~2.0.0",
        "safe-buffer": "~5.1.1",
        "string_decoder": "~1.1.1",
        "util-deprecate": "~1.0.1"
      }
    },
    "safe-buffer": {
      "version": "5.1.2",
      "resolved": "https://registry.npmjs.org/safe-buffer/-/safe-buffer-5.1.2.tgz",
      "integrity": "sha512-Gd2UZBJDkXlY7GbJxfsE8/nvKkUEU1G38c1siN6QP6a9PT9MmHB8GnpscSmMJSoF8LOIrt8ud/wPtojys4G6+g=="
    },
    "string_decoder": {
      "version": "1.1.1",
      "resolved": "https://registry.npmjs.org/string_decoder/-/string_decoder-1.1.1.tgz",
      "integrity": "sha512-n/ShnvDi6FHbbVfviro+WojiFzv+s8MPMHBczVePfUpDJLwoLT0ht1l4YwBCbi8pJAveEEdnkHyPyTP/mzRfwg==",
      "requires": {
        "safe-buffer": "~5.1.0"
      }
    },
    "ultron": {
      "version": "1.1.1",
      "resolved": "https://registry.npmjs.org/ultron/-/ultron-1.1.1.tgz",
      "integrity": "sha512-UIEXBNeYmKptWH6z8ZnqTeS8fV74zG0/eRU9VGkpzz+LIJNs8W/zM/L+7ctCkRrgbNnnR0xxw4bKOr0cW0N0Og=="
    },
    "util-deprecate": {
      "version": "1.0.2",
      "resolved": "https://registry.npmjs.org/util-deprecate/-/util-deprecate-1.0.2.tgz",
      "integrity": "sha1-RQ1Nyfpw3nMnYvvS1KKJgUGaDM8="
    },
    "ws": {
      "version": "3.3.3",
      "resolved": "https://registry.npmjs.org/ws/-/ws-3.3.3.tgz",
      "integrity": "sha512-nnWLa/NwZSt4KQJu51MYlCcSQ5g7INpOrOMt4XV8j4dqTXdmlUmSHQ8/oLC069ckre0fRsgfvsKwbTdtKLCDkA==",
      "requires": {
        "async-limiter": "~1.0.0",
        "safe-buffer": "~5.1.0",
        "ultron": "~1.1.0"
      }
    },
    "zer": {
      "version": "0.1.0",
      "resolved": "https://registry.npmjs.org/zer/-/zer-0.1.0.tgz",
      "integrity": "sha1-JkAyM5rkggi9+aKKa34APbYAdUI=",
      "requires": {
        "postinstall-build": "^5.0.0"
      }
    }
  }
}
